
Microsoft Visual Studio Solution File, Format Version 12.00
# Visual Studio Version 16
VisualStudioVersion = 16.0.31911.196
MinimumVisualStudioVersion = 10.0.40219.1
Project("{FAE04EC0-301F-11D3-BF4B-00C04F79EFBC}") = "Module8_FinalProject_3", "Module8_FinalProject_3\Module8_FinalProject_3.csproj", "{3B34AE4A-D506-4704-9A3E-64A0CFFE3EEB}"
EndProject
Global
	GlobalSection(SolutionConfigurationPlatforms) = preSolution
		Debug|Any CPU = Debug|Any CPU
		Release|Any CPU = Release|Any CPU
	EndGlobalSection
	GlobalSection(ProjectConfigurationPlatforms) = postSolution
		{3B34AE4A-D506-4704-9A3E-64A0CFFE3EEB}.Debug|Any CPU.ActiveCfg = Debug|Any CPU
		{3B34AE4A-D506-4704-9A3E-64A0CFFE3EEB}.Debug|Any CPU.Build.0 = Debug|Any CPU
		{3B34AE4A-D506-4704-9A3E-64A0CFFE3EEB}.Release|Any CPU.ActiveCfg = Release|Any CPU
		{3B34AE4A-D506-4704-9A3E-64A0CFFE3EEB}.Release|Any CPU.Build.0 = Release|Any CPU
	EndGlobalSection
	GlobalSection(SolutionProperties) = preSolution
		HideSolutionNode = FALSE
	EndGlobalSection
	GlobalSection(ExtensibilityGlobals) = postSolution
		SolutionGuid = {F4616201-9845-48A0-881E-AE474DED20CE}
	EndGlobalSection
EndGlobal
